
Microsoft Visual Studio Solution File, Format Version 12.00
# Visual Studio Version 17
VisualStudioVersion = 17.2.32519.379
MinimumVisualStudioVersion = 10.0.40219.1
Project("{8BC9CEB8-8B4A-11D0-8D11-00A0C91BC942}") = "实验四", "实验四.vcxproj", "{A7B820F0-A319-4439-9130-E37A3B1BF06D}"
EndProject
Global
	GlobalSection(SolutionConfigurationPlatforms) = preSolution
		Debug|x64 = Debug|x64
		Debug|x86 = Debug|x86
		Release|x64 = Release|x64
		Release|x86 = Release|x86
	EndGlobalSection
	GlobalSection(ProjectConfigurationPlatforms) = postSolution
		{A7B820F0-A319-4439-9130-E37A3B1BF06D}.Debug|x64.ActiveCfg = Debug|x64
		{A7B820F0-A319-4439-9130-E37A3B1BF06D}.Debug|x64.Build.0 = Debug|x64
		{A7B820F0-A319-4439-9130-E37A3B1BF06D}.Debug|x86.ActiveCfg = Debug|Win32
		{A7B820F0-A319-4439-9130-E37A3B1BF06D}.Debug|x86.Build.0 = Debug|Win32
		{A7B820F0-A319-4439-9130-E37A3B1BF06D}.Release|x64.ActiveCfg = Release|x64
		{A7B820F0-A319-4439-9130-E37A3B1BF06D}.Release|x64.Build.0 = Release|x64
		{A7B820F0-A319-4439-9130-E37A3B1BF06D}.Release|x86.ActiveCfg = Release|Win32
		{A7B820F0-A319-4439-9130-E37A3B1BF06D}.Release|x86.Build.0 = Release|Win32
	EndGlobalSection
	GlobalSection(SolutionProperties) = preSolution
		HideSolutionNode = FALSE
	EndGlobalSection
	GlobalSection(ExtensibilityGlobals) = postSolution
		SolutionGuid = {17FD4D36-B341-4257-98F0-5E60B5601A6D}
	EndGlobalSection
EndGlobal
